
Microsoft Visual Studio Solution File, Format Version 11.00
# Visual Studio 2010
Project("{FAE04EC0-301F-11D3-BF4B-00C04F79EFBC}") = "Flyweight_Memento", "Assembly-CSharp.csproj", "{F451A84F-3F2C-6542-F5A6-D5730E481F68}"
EndProject
Global
	GlobalSection(SolutionConfigurationPlatforms) = preSolution
		Debug|Any CPU = Debug|Any CPU
		Release|Any CPU = Release|Any CPU
	EndGlobalSection
	GlobalSection(ProjectConfigurationPlatforms) = postSolution
		{F451A84F-3F2C-6542-F5A6-D5730E481F68}.Debug|Any CPU.ActiveCfg = Debug|Any CPU
		{F451A84F-3F2C-6542-F5A6-D5730E481F68}.Debug|Any CPU.Build.0 = Debug|Any CPU
		{F451A84F-3F2C-6542-F5A6-D5730E481F68}.Release|Any CPU.ActiveCfg = Release|Any CPU
		{F451A84F-3F2C-6542-F5A6-D5730E481F68}.Release|Any CPU.Build.0 = Release|Any CPU
	EndGlobalSection
	GlobalSection(SolutionProperties) = preSolution
		HideSolutionNode = FALSE
	EndGlobalSection
	GlobalSection(MonoDevelopProperties) = preSolution
		StartupItem = Assembly-CSharp.csproj
	EndGlobalSection
EndGlobal
